
Microsoft Visual Studio Solution File, Format Version 12.00
# Visual Studio Version 16
VisualStudioVersion = 16.0.31424.327
MinimumVisualStudioVersion = 10.0.40219.1
Project("{FAE04EC0-301F-11D3-BF4B-00C04F79EFBC}") = "Assignmnet04", "Assignmnet04\Assignmnet04.csproj", "{389D52C3-CF0E-4D51-8E68-80FCC979E397}"
EndProject
Global
	GlobalSection(SolutionConfigurationPlatforms) = preSolution
		Debug|Any CPU = Debug|Any CPU
		Release|Any CPU = Release|Any CPU
	EndGlobalSection
	GlobalSection(ProjectConfigurationPlatforms) = postSolution
		{389D52C3-CF0E-4D51-8E68-80FCC979E397}.Debug|Any CPU.ActiveCfg = Debug|Any CPU
		{389D52C3-CF0E-4D51-8E68-80FCC979E397}.Debug|Any CPU.Build.0 = Debug|Any CPU
		{389D52C3-CF0E-4D51-8E68-80FCC979E397}.Release|Any CPU.ActiveCfg = Release|Any CPU
		{389D52C3-CF0E-4D51-8E68-80FCC979E397}.Release|Any CPU.Build.0 = Release|Any CPU
	EndGlobalSection
	GlobalSection(SolutionProperties) = preSolution
		HideSolutionNode = FALSE
	EndGlobalSection
	GlobalSection(ExtensibilityGlobals) = postSolution
		SolutionGuid = {7505DDE1-1FA8-436B-A802-D3BFE45514D0}
	EndGlobalSection
EndGlobal
